
Microsoft Visual Studio Solution File, Format Version 12.00
# Visual Studio Version 16
VisualStudioVersion = 16.0.31624.102
MinimumVisualStudioVersion = 10.0.40219.1
Project("{FAE04EC0-301F-11D3-BF4B-00C04F79EFBC}") = "InternationalTimeMgmtSystem", "InternationalTimeMgmtSystem\InternationalTimeMgmtSystem.csproj", "{A57DBC94-86C4-4C31-8545-66564BA2C8BC}"
EndProject
Global
	GlobalSection(SolutionConfigurationPlatforms) = preSolution
		Debug|Any CPU = Debug|Any CPU
		Release|Any CPU = Release|Any CPU
	EndGlobalSection
	GlobalSection(ProjectConfigurationPlatforms) = postSolution
		{A57DBC94-86C4-4C31-8545-66564BA2C8BC}.Debug|Any CPU.ActiveCfg = Debug|Any CPU
		{A57DBC94-86C4-4C31-8545-66564BA2C8BC}.Debug|Any CPU.Build.0 = Debug|Any CPU
		{A57DBC94-86C4-4C31-8545-66564BA2C8BC}.Release|Any CPU.ActiveCfg = Release|Any CPU
		{A57DBC94-86C4-4C31-8545-66564BA2C8BC}.Release|Any CPU.Build.0 = Release|Any CPU
	EndGlobalSection
	GlobalSection(SolutionProperties) = preSolution
		HideSolutionNode = FALSE
	EndGlobalSection
	GlobalSection(ExtensibilityGlobals) = postSolution
		SolutionGuid = {FA253631-220F-479F-AC5A-8F57954A1EA4}
	EndGlobalSection
EndGlobal
